{
  "lockfile_version": "1",
  "packages": {
    "gh@2.62.0": {
      "last_modified": "2024-11-16T04:25:12Z",
      "resolved": "github:NixOS/nixpkgs/34a626458d686f1b58139620a8b2793e9e123bba#gh",
      "source": "devbox-search",
      "version": "2.62.0",
      "systems": {
        "aarch64-darwin": {
          "outputs": [
            {
              "name": "out",
              "path": "/nix/store/230m2wr61ggx63f3v8qzva3rkbnk1n72-gh-2.62.0",
              "default": true
            }
          ],
          "store_path": "/nix/store/230m2wr61ggx63f3v8qzva3rkbnk1n72-gh-2.62.0"
        },
        "aarch64-linux": {
          "outputs": [
            {
              "name": "out",
              "path": "/nix/store/8mzirw5rama0af841msbjyf5zrcygwnc-gh-2.62.0",
              "default": true
            }
          ],
          "store_path": "/nix/store/8mzirw5rama0af841msbjyf5zrcygwnc-gh-2.62.0"
        },
        "x86_64-darwin": {
          "outputs": [
            {
              "name": "out",
              "path": "/nix/store/f8p9jvx2x4hprmlaz12w6b3sb3ndss8g-gh-2.62.0",
              "default": true
            }
          ],
          "store_path": "/nix/store/f8p9jvx2x4hprmlaz12w6b3sb3ndss8g-gh-2.62.0"
        },
        "x86_64-linux": {
          "outputs": [
            {
              "name": "out",
              "path": "/nix/store/mn0h4qhmpqaif4kyvssripf23xivdp1w-gh-2.62.0",
              "default": true
            }
          ],
          "store_path": "/nix/store/mn0h4qhmpqaif4kyvssripf23xivdp1w-gh-2.62.0"
        }
      }
    },
    "github:NixOS/nixpkgs/nixpkgs-unstable": {
      "last_modified": "2026-05-03T16:35:46Z",
      "resolved": "github:NixOS/nixpkgs/73c703c22422b8951895a960959dbbaca7296492?lastModified=1777826146&narHash=sha256-wQ%2FiN5Zp5VIa3ebBibijPnLyKhor%2BxEbDy4d0goa9Zs%3D"
    },
    "gitleaks@8.30.0": {
      "last_modified": "2026-02-23T15:40:43Z",
      "resolved": "github:NixOS/nixpkgs/80d901ec0377e19ac3f7bb8c035201e2e098cc97#gitleaks",
      "source": "devbox-search",
      "version": "8.30.0",
      "systems": {
        "aarch64-darwin": {
          "outputs": [
            {
              "name": "out",
              "path": "/nix/store/r0xwfwva8p84gqlv5jp8icl26mk0zw76-gitleaks-8.30.0",
              "default": true
            }
          ],
          "store_path": "/nix/store/r0xwfwva8p84gqlv5jp8icl26mk0zw76-gitleaks-8.30.0"
        },
        "aarch64-linux": {
          "outputs": [
            {
              "name": "out",
              "path": "/nix/store/ndzc5kkydjbia0fnkrczdmccsm465ah0-gitleaks-8.30.0",
              "default": true
            }
          ],
          "store_path": "/nix/store/ndzc5kkydjbia0fnkrczdmccsm465ah0-gitleaks-8.30.0"
        },
        "x86_64-darwin": {
          "outputs": [
            {
              "name": "out",
              "path": "/nix/store/dd6ms6sznnvf8nr48xzdbjplymk8m6i8-gitleaks-8.30.0",
              "default": true
            }
          ],
          "store_path": "/nix/store/dd6ms6sznnvf8nr48xzdbjplymk8m6i8-gitleaks-8.30.0"
        },
        "x86_64-linux": {
          "outputs": [
            {
              "name": "out",
              "path": "/nix/store/k0kf4ighsp04zb49lfhz2qlvdsv8d5f0-gitleaks-8.30.0",
              "default": true
            }
          ],
          "store_path": "/nix/store/k0kf4ighsp04zb49lfhz2qlvdsv8d5f0-gitleaks-8.30.0"
        }
      }
    },
    "jq@1.7.1": {
      "last_modified": "2025-06-18T03:01:18Z",
      "resolved": "github:NixOS/nixpkgs/5395fb3ab3f97b9b7abca147249fa2e8ed27b192#jq",
      "source": "devbox-search",
      "version": "1.7.1",
      "systems": {
        "aarch64-darwin": {
          "outputs": [
            {
              "name": "bin",
              "path": "/nix/store/5v1yqacl2lhgbrzgvbmnxbxah9pdyp2s-jq-1.7.1-bin",
              "default": true
            },
            {
              "name": "man",
              "path": "/nix/store/6zfpzcwd7m5pkf1bd3sdasjv0rxsxvjg-jq-1.7.1-man",
              "default": true
            },
            {
              "name": "dev",
              "path": "/nix/store/12zb2s8cmrbgi53sn09i8vkqr6i462h4-jq-1.7.1-dev"
            },
            {
              "name": "doc",
              "path": "/nix/store/awa9kq3h05l0bpc3gn1gzq4r9rspphsb-jq-1.7.1-doc"
            },
            {
              "name": "out",
              "path": "/nix/store/2vawjsrd9bmavbm7rvsjbnjaf4hbd1bs-jq-1.7.1"
            }
          ],
          "store_path": "/nix/store/5v1yqacl2lhgbrzgvbmnxbxah9pdyp2s-jq-1.7.1-bin"
        },
        "aarch64-linux": {
          "outputs": [
            {
              "name": "bin",
              "path": "/nix/store/j6q3c3rzxhv3rz9y821qylgafi3jbsl8-jq-1.7.1-bin",
              "default": true
            },
            {
              "name": "man",
              "path": "/nix/store/2n2vs2cb0slcj5a4i0l7pyv4fip8s6m9-jq-1.7.1-man",
              "default": true
            },
            {
              "name": "dev",
              "path": "/nix/store/w7n2qywnma4af1m9xqz8y67rq0jn6an2-jq-1.7.1-dev"
            },
            {
              "name": "doc",
              "path": "/nix/store/c52b1v91c7pwxb58z79v2aa1x8bx8dpx-jq-1.7.1-doc"
            },
            {
              "name": "out",
              "path": "/nix/store/i06c1lzmf07gg33mjmfp0564inxplfq5-jq-1.7.1"
            }
          ],
          "store_path": "/nix/store/j6q3c3rzxhv3rz9y821qylgafi3jbsl8-jq-1.7.1-bin"
        },
        "x86_64-darwin": {
          "outputs": [
            {
              "name": "bin",
              "path": "/nix/store/if69q6bw49y67lv9f4bf78cgpf7xrnrb-jq-1.7.1-bin",
              "default": true
            },
            {
              "name": "man",
              "path": "/nix/store/0rsic796c75zmdaa3qw74676dgcibwan-jq-1.7.1-man",
              "default": true
            },
            {
              "name": "dev",
              "path": "/nix/store/38vgg0iqwmhh8shn12ys3wqxv24gkq5n-jq-1.7.1-dev"
            },
            {
              "name": "doc",
              "path": "/nix/store/dvap16zqbcxmil71f6ivbpzx49z7brzx-jq-1.7.1-doc"
            },
            {
              "name": "out",
              "path": "/nix/store/0gw2kw6zkvzg7zlqy4rrgdxjk13yg0z4-jq-1.7.1"
            }
          ],
          "store_path": "/nix/store/if69q6bw49y67lv9f4bf78cgpf7xrnrb-jq-1.7.1-bin"
        },
        "x86_64-linux": {
          "outputs": [
            {
              "name": "bin",
              "path": "/nix/store/n9ch6ggimi6ri5vx62mqmzgrrkb3qfwg-jq-1.7.1-bin",
              "default": true
            },
            {
              "name": "man",
              "path": "/nix/store/2dmx0pgvxjmqywg25rva6cgkz94icnw7-jq-1.7.1-man",
              "default": true
            },
            {
              "name": "dev",
              "path": "/nix/store/yika3khvh871bvk5sgpcxfdbqznyi3w0-jq-1.7.1-dev"
            },
            {
              "name": "doc",
              "path": "/nix/store/97zv95jlfnw4v3k0lyxmkmkqqjhx7np9-jq-1.7.1-doc"
            },
            {
              "name": "out",
              "path": "/nix/store/sdqzcyfy52y0vf10nfsxy3mhv9b2vmkv-jq-1.7.1"
            }
          ],
          "store_path": "/nix/store/n9ch6ggimi6ri5vx62mqmzgrrkb3qfwg-jq-1.7.1-bin"
        }
      }
    },
    "nodejs@20.18.1": {
      "last_modified": "2025-01-19T08:16:51Z",
      "plugin_version": "0.0.2",
      "resolved": "github:NixOS/nixpkgs/50165c4f7eb48ce82bd063e1fb8047a0f515f8ce#nodejs_20",
      "source": "devbox-search",
      "version": "20.18.1",
      "systems": {
        "aarch64-darwin": {
          "outputs": [
            {
              "name": "out",
              "path": "/nix/store/3m2ls02m9saryyfzgmpa4931v6zqwsa1-nodejs-20.18.1",
              "default": true
            },
            {
              "name": "libv8",
              "path": "/nix/store/gp5cn9v1w8dhrhln0hzakj9yks0apnb6-nodejs-20.18.1-libv8"
            }
          ],
          "store_path": "/nix/store/3m2ls02m9saryyfzgmpa4931v6zqwsa1-nodejs-20.18.1"
        },
        "aarch64-linux": {
          "outputs": [
            {
              "name": "out",
              "path": "/nix/store/9zv75vg1ca6h8hmkqz26mrs9bc890jfv-nodejs-20.18.1",
              "default": true
            },
            {
              "name": "libv8",
              "path": "/nix/store/6q3i53q3hhqjjab40ari4ifmjy26djq4-nodejs-20.18.1-libv8"
            }
          ],
          "store_path": "/nix/store/9zv75vg1ca6h8hmkqz26mrs9bc890jfv-nodejs-20.18.1"
        },
        "x86_64-darwin": {
          "outputs": [
            {
              "name": "out",
              "path": "/nix/store/b8hyl1920fxqv1gmphx766ablrc64rj8-nodejs-20.18.1",
              "default": true
            },
            {
              "name": "libv8",
              "path": "/nix/store/0s6zkr34k1isj4annpr8qrarfgs6mkhi-nodejs-20.18.1-libv8"
            }
          ],
          "store_path": "/nix/store/b8hyl1920fxqv1gmphx766ablrc64rj8-nodejs-20.18.1"
        },
        "x86_64-linux": {
          "outputs": [
            {
              "name": "out",
              "path": "/nix/store/864nd9lys37waw3i5wxy42lp4as51x5s-nodejs-20.18.1",
              "default": true
            },
            {
              "name": "libv8",
              "path": "/nix/store/nqj2gr66cd2wan2pn510ymrz1p20xcsg-nodejs-20.18.1-libv8"
            }
          ],
          "store_path": "/nix/store/864nd9lys37waw3i5wxy42lp4as51x5s-nodejs-20.18.1"
        }
      }
    },
    "semgrep@1.104.0": {
      "last_modified": "2025-10-11T06:31:15Z",
      "resolved": "github:NixOS/nixpkgs/362791944032cb532aabbeed7887a441496d5e6e#semgrep",
      "source": "devbox-search",
      "version": "1.104.0",
      "systems": {
        "aarch64-darwin": {
          "outputs": [
            {
              "name": "out",
              "path": "/nix/store/n9dgjz7020cp9lkmkg9hl7mb9b36074b-python3.13-semgrep-1.104.0",
              "default": true
            },
            {
              "name": "dist",
              "path": "/nix/store/5ghh48ppys0swxzxpplz1a3grlfc0znm-python3.13-semgrep-1.104.0-dist"
            }
          ],
          "store_path": "/nix/store/n9dgjz7020cp9lkmkg9hl7mb9b36074b-python3.13-semgrep-1.104.0"
        },
        "aarch64-linux": {
          "outputs": [
            {
              "name": "out",
              "path": "/nix/store/dimprkqwnv4bhij3iv387j03hhilgabq-python3.13-semgrep-1.104.0",
              "default": true
            },
            {
              "name": "dist",
              "path": "/nix/store/is2ns51fkw166paqnz9rnhn5wc2d15i8-python3.13-semgrep-1.104.0-dist"
            }
          ],
          "store_path": "/nix/store/dimprkqwnv4bhij3iv387j03hhilgabq-python3.13-semgrep-1.104.0"
        },
        "x86_64-darwin": {
          "outputs": [
            {
              "name": "out",
              "path": "/nix/store/ykq4cmylxv2nxrx503gfi4aw5jfjvpys-python3.13-semgrep-1.104.0",
              "default": true
            },
            {
              "name": "dist",
              "path": "/nix/store/q9d5vyp8mbyh9bvndknqsdqwg42rbhjf-python3.13-semgrep-1.104.0-dist"
            }
          ],
          "store_path": "/nix/store/ykq4cmylxv2nxrx503gfi4aw5jfjvpys-python3.13-semgrep-1.104.0"
        },
        "x86_64-linux": {
          "outputs": [
            {
              "name": "out",
              "path": "/nix/store/sjv39snwp5x28p6qh116whsaa6rk9kbw-python3.13-semgrep-1.104.0",
              "default": true
            },
            {
              "name": "dist",
              "path": "/nix/store/5v02wmwr9xzmzpmimg2kcjzld8m2hawb-python3.13-semgrep-1.104.0-dist"
            }
          ],
          "store_path": "/nix/store/sjv39snwp5x28p6qh116whsaa6rk9kbw-python3.13-semgrep-1.104.0"
        }
      }
    },
    "trivy@0.69.3": {
      "last_modified": "2026-04-23T13:07:47Z",
      "resolved": "github:NixOS/nixpkgs/01fbdeef22b76df85ea168fbfe1bfd9e63681b30#trivy",
      "source": "devbox-search",
      "version": "0.69.3",
      "systems": {
        "aarch64-darwin": {
          "outputs": [
            {
              "name": "out",
              "path": "/nix/store/sfvah45v72q7iszab57w474k1hlldipb-trivy-0.69.3",
              "default": true
            }
          ],
          "store_path": "/nix/store/sfvah45v72q7iszab57w474k1hlldipb-trivy-0.69.3"
        },
        "aarch64-linux": {
          "outputs": [
            {
              "name": "out",
              "path": "/nix/store/wzip1zgwvfsra07vfnr2sm8x761zbqyc-trivy-0.69.3",
              "default": true
            }
          ],
          "store_path": "/nix/store/wzip1zgwvfsra07vfnr2sm8x761zbqyc-trivy-0.69.3"
        },
        "x86_64-darwin": {
          "outputs": [
            {
              "name": "out",
              "path": "/nix/store/l62zagvpbrabhw2q45z6vddrf0xwwyqd-trivy-0.69.3",
              "default": true
            }
          ],
          "store_path": "/nix/store/l62zagvpbrabhw2q45z6vddrf0xwwyqd-trivy-0.69.3"
        },
        "x86_64-linux": {
          "outputs": [
            {
              "name": "out",
              "path": "/nix/store/291g5h3946aw4k4s74l4waskm72h6xvp-trivy-0.69.3",
              "default": true
            }
          ],
          "store_path": "/nix/store/291g5h3946aw4k4s74l4waskm72h6xvp-trivy-0.69.3"
        }
      }
    }
  }
}
